
Microsoft Visual Studio Solution File, Format Version 12.00
# Visual Studio Version 17
VisualStudioVersion = 17.3.32825.248
MinimumVisualStudioVersion = 10.0.40219.1
Project("{FAE04EC0-301F-11D3-BF4B-00C04F79EFBC}") = "SPO-AddIn-App-Part", "SPO-AddIn-App-Part.csproj", "{EFA75EC0-A7A7-4507-946E-0AD0413C7577}"
EndProject
Global
	GlobalSection(SolutionConfigurationPlatforms) = preSolution
		Debug|Any CPU = Debug|Any CPU
		Release|Any CPU = Release|Any CPU
	EndGlobalSection
	GlobalSection(ProjectConfigurationPlatforms) = postSolution
		{EFA75EC0-A7A7-4507-946E-0AD0413C7577}.Debug|Any CPU.ActiveCfg = Debug|Any CPU
		{EFA75EC0-A7A7-4507-946E-0AD0413C7577}.Debug|Any CPU.Build.0 = Debug|Any CPU
		{EFA75EC0-A7A7-4507-946E-0AD0413C7577}.Debug|Any CPU.Deploy.0 = Debug|Any CPU
		{EFA75EC0-A7A7-4507-946E-0AD0413C7577}.Release|Any CPU.ActiveCfg = Release|Any CPU
		{EFA75EC0-A7A7-4507-946E-0AD0413C7577}.Release|Any CPU.Build.0 = Release|Any CPU
		{EFA75EC0-A7A7-4507-946E-0AD0413C7577}.Release|Any CPU.Deploy.0 = Release|Any CPU
	EndGlobalSection
	GlobalSection(SolutionProperties) = preSolution
		HideSolutionNode = FALSE
	EndGlobalSection
	GlobalSection(ExtensibilityGlobals) = postSolution
		SolutionGuid = {A96730FC-1DE5-4ED8-8B81-732058803D4D}
	EndGlobalSection
EndGlobal
