
Microsoft Visual Studio Solution File, Format Version 12.00
# Visual Studio Version 17
VisualStudioVersion = 17.3.32819.101
MinimumVisualStudioVersion = 10.0.40219.1
Project("{FAE04EC0-301F-11D3-BF4B-00C04F79EFBC}") = "AAD-Provider-Hosted-WebApp", "AAD-Provider-Hosted-WebApp\AAD-Provider-Hosted-WebApp.csproj", "{AB0EE24E-938B-4220-8F63-3057294BFE20}"
EndProject
Global
	GlobalSection(SolutionConfigurationPlatforms) = preSolution
		Debug|Any CPU = Debug|Any CPU
		Release|Any CPU = Release|Any CPU
	EndGlobalSection
	GlobalSection(ProjectConfigurationPlatforms) = postSolution
		{AB0EE24E-938B-4220-8F63-3057294BFE20}.Debug|Any CPU.ActiveCfg = Debug|Any CPU
		{AB0EE24E-938B-4220-8F63-3057294BFE20}.Debug|Any CPU.Build.0 = Debug|Any CPU
		{AB0EE24E-938B-4220-8F63-3057294BFE20}.Release|Any CPU.ActiveCfg = Release|Any CPU
		{AB0EE24E-938B-4220-8F63-3057294BFE20}.Release|Any CPU.Build.0 = Release|Any CPU
	EndGlobalSection
	GlobalSection(SolutionProperties) = preSolution
		HideSolutionNode = FALSE
	EndGlobalSection
	GlobalSection(ExtensibilityGlobals) = postSolution
		SolutionGuid = {D5C87C5E-3097-4696-8B19-4D8018C759BB}
	EndGlobalSection
EndGlobal
