
Microsoft Visual Studio Solution File, Format Version 12.00
# Visual Studio Version 17
VisualStudioVersion = 17.3.32825.248
MinimumVisualStudioVersion = 10.0.40219.1
Project("{FAE04EC0-301F-11D3-BF4B-00C04F79EFBC}") = "SPO-Addin-Remote-Event-Receiver", "SPO-Addin-Remote-Event-Receiver.csproj", "{00961877-0DE3-4644-A43A-A6353261642F}"
EndProject
Project("{FAE04EC0-301F-11D3-BF4B-00C04F79EFBC}") = "SPO-Addin-Remote-Event-ReceiverWeb", "..\SPO-Addin-Remote-Event-ReceiverWeb\SPO-Addin-Remote-Event-ReceiverWeb.csproj", "{7FA36C66-5C31-41B9-9EE8-027B0E3B9B15}"
EndProject
Global
	GlobalSection(SolutionConfigurationPlatforms) = preSolution
		Debug|Any CPU = Debug|Any CPU
		Release|Any CPU = Release|Any CPU
	EndGlobalSection
	GlobalSection(ProjectConfigurationPlatforms) = postSolution
		{00961877-0DE3-4644-A43A-A6353261642F}.Debug|Any CPU.ActiveCfg = Debug|Any CPU
		{00961877-0DE3-4644-A43A-A6353261642F}.Debug|Any CPU.Build.0 = Debug|Any CPU
		{00961877-0DE3-4644-A43A-A6353261642F}.Debug|Any CPU.Deploy.0 = Debug|Any CPU
		{00961877-0DE3-4644-A43A-A6353261642F}.Release|Any CPU.ActiveCfg = Release|Any CPU
		{00961877-0DE3-4644-A43A-A6353261642F}.Release|Any CPU.Build.0 = Release|Any CPU
		{00961877-0DE3-4644-A43A-A6353261642F}.Release|Any CPU.Deploy.0 = Release|Any CPU
		{7FA36C66-5C31-41B9-9EE8-027B0E3B9B15}.Debug|Any CPU.ActiveCfg = Debug|Any CPU
		{7FA36C66-5C31-41B9-9EE8-027B0E3B9B15}.Debug|Any CPU.Build.0 = Debug|Any CPU
		{7FA36C66-5C31-41B9-9EE8-027B0E3B9B15}.Release|Any CPU.ActiveCfg = Release|Any CPU
		{7FA36C66-5C31-41B9-9EE8-027B0E3B9B15}.Release|Any CPU.Build.0 = Release|Any CPU
	EndGlobalSection
	GlobalSection(SolutionProperties) = preSolution
		HideSolutionNode = FALSE
	EndGlobalSection
	GlobalSection(ExtensibilityGlobals) = postSolution
		SolutionGuid = {8F64258D-35E4-4B83-8837-F73089675A6E}
	EndGlobalSection
EndGlobal
